<?xml version="1.0" encoding="UTF-8"?>
<!DOCTYPE plist PUBLIC "-//Apple//DTD PLIST 1.0//EN" "http://www.apple.com/DTDs/PropertyList-1.0.dtd">
<plist version="1.0">
<dict>
	<key>archiveVersion</key>
	<string>1</string>
	<key>classes</key>
	<dict/>
	<key>objectVersion</key>
	<string>46</string>
	<key>objects</key>
	<dict>
		<key>002CA3B93049A4EAF48719EA</key>
		<dict>
			<key>fileEncoding</key>
			<string>4</string>
			<key>isa</key>
			<string>PBXFileReference</string>
			<key>lastKnownFileType</key>
			<string>sourcecode.c.objc</string>
			<key>path</key>
			<string>SetLocationRequest.m</string>
			<key>sourceTree</key>
			<string>&lt;group&gt;</string>
		</dict>
		<key>00750A9461831B54CE16BFD4</key>
		<dict>
			<key>includeInIndex</key>
			<string>1</string>
			<key>isa</key>
			<string>PBXFileReference</string>
			<key>lastKnownFileType</key>
			<string>text.xcconfig</string>
			<key>name</key>
			<string>Pods.debug.xcconfig</string>
			<key>path</key>
			<string>Pods/Target Support Files/Pods/Pods.debug.xcconfig</string>
			<key>sourceTree</key>
			<string>&lt;group&gt;</string>
		</dict>
		<key>034D516B941424B8D6370C15</key>
		<dict>
			<key>fileEncoding</key>
			<string>4</string>
			<key>isa</key>
			<string>PBXFileReference</string>
			<key>lastKnownFileType</key>
			<string>sourcecode.c.h</string>
			<key>path</key>
			<string>SetLocationRequest.h</string>
			<key>sourceTree</key>
			<string>&lt;group&gt;</string>
		</dict>
		<key>0F4353F026468AB2ED2EF4C3</key>
		<dict>
			<key>fileRef</key>
			<string>3A52C4B59571171D65EDEAE0</string>
			<key>isa</key>
			<string>PBXBuildFile</string>
		</dict>
		<key>124116A5396F812C7D2A7D83</key>
		<dict>
			<key>buildActionMask</key>
			<string>2147483647</string>
			<key>files</key>
			<array/>
			<key>inputPaths</key>
			<array/>
			<key>isa</key>
			<string>PBXShellScriptBuildPhase</string>
			<key>name</key>
			<string>Check Pods Manifest.lock</string>
			<key>outputPaths</key>
			<array/>
			<key>runOnlyForDeploymentPostprocessing</key>
			<string>0</string>
			<key>shellPath</key>
			<string>/bin/sh</string>
			<key>shellScript</key>
			<string>diff "${PODS_ROOT}/../Podfile.lock" "${PODS_ROOT}/Manifest.lock" &gt; /dev/null
if [[ $? != 0 ]] ; then
    cat &lt;&lt; EOM
error: The sandbox is not in sync with the Podfile.lock. Run 'pod install' or update your CocoaPods installation.
EOM
    exit 1
fi
</string>
			<key>showEnvVarsInLog</key>
			<string>0</string>
		</dict>
		<key>190FCE8F69DC4D5A7BCE0BF9</key>
		<dict>
			<key>fileRef</key>
			<string>6DD752A077A676360F52C6BE</string>
			<key>isa</key>
			<string>PBXBuildFile</string>
		</dict>
		<key>1AF9B9C947F99A815BEC1338</key>
		<dict>
			<key>fileRef</key>
			<string>5696930D358D4AF1B2282F70</string>
			<key>isa</key>
			<string>PBXBuildFile</string>
		</dict>
		<key>1DBE52E221F3D96249EDB43C</key>
		<dict>
			<key>fileRef</key>
			<string>47B8ADE109667B038A9CAE43</string>
			<key>isa</key>
			<string>PBXBuildFile</string>
		</dict>
		<key>218AFE300E78C4268142E173</key>
		<dict>
			<key>children</key>
			<array>
				<string>5B7EC1327345A5B8A69A8D14</string>
				<string>889ED0E8E5CE2166CBBF2900</string>
				<string>929E8878672244035EC292F8</string>
				<string>B03302CA4EDF6AC4A3FDEC1C</string>
			</array>
			<key>isa</key>
			<string>PBXGroup</string>
			<key>path</key>
			<string>Controllers</string>
			<key>sourceTree</key>
			<string>&lt;group&gt;</string>
		</dict>
		<key>2CAB5C7131CECD68D802278A</key>
		<dict>
			<key>fileRef</key>
			<string>B132123E55E49F8B018B8F3B</string>
			<key>isa</key>
			<string>PBXBuildFile</string>
		</dict>
		<key>2E1969C49A3A97AE318C4CD9</key>
		<dict>
			<key>fileEncoding</key>
			<string>4</string>
			<key>isa</key>
			<string>PBXFileReference</string>
			<key>lastKnownFileType</key>
			<string>sourcecode.c.h</string>
			<key>path</key>
			<string>SetLocationResult.h</string>
			<key>sourceTree</key>
			<string>&lt;group&gt;</string>
		</dict>
		<key>31292EB9C767A0580C236B49</key>
		<dict>
			<key>fileRef</key>
			<string>889ED0E8E5CE2166CBBF2900</string>
			<key>isa</key>
			<string>PBXBuildFile</string>
		</dict>
		<key>332ECE631E151A3DFC65BC62</key>
		<dict>
			<key>fileRef</key>
			<string>7A913C686FE3811A5438031A</string>
			<key>isa</key>
			<string>PBXBuildFile</string>
		</dict>
		<key>3930E45C141D3DC282A21375</key>
		<dict>
			<key>fileEncoding</key>
			<string>4</string>
			<key>isa</key>
			<string>PBXFileReference</string>
			<key>lastKnownFileType</key>
			<string>sourcecode.c.objc</string>
			<key>path</key>
			<string>LocationSpec-latest.m</string>
			<key>sourceTree</key>
			<string>&lt;group&gt;</string>
		</dict>
		<key>3A52C4B59571171D65EDEAE0</key>
		<dict>
			<key>fileEncoding</key>
			<string>4</string>
			<key>isa</key>
			<string>PBXFileReference</string>
			<key>lastKnownFileType</key>
			<string>sourcecode.c.objc</string>
			<key>path</key>
			<string>UserSpec.m</string>
			<key>sourceTree</key>
			<string>&lt;group&gt;</string>
		</dict>
		<key>3CF65D6121955B183D4DD6F1</key>
		<dict>
			<key>explicitFileType</key>
			<string>archive.ar</string>
			<key>includeInIndex</key>
			<string>0</string>
			<key>isa</key>
			<string>PBXFileReference</string>
			<key>path</key>
			<string>libPods.a</string>
			<key>sourceTree</key>
			<string>BUILT_PRODUCTS_DIR</string>
		</dict>
		<key>410A826D222699F52622CA4E</key>
		<dict>
			<key>fileRef</key>
			<string>49276F7C474B309261CA8D5C</string>
			<key>isa</key>
			<string>PBXBuildFile</string>
		</dict>
		<key>42C52E7DCC467219BDC8BE3F</key>
		<dict>
			<key>fileEncoding</key>
			<string>4</string>
			<key>isa</key>
			<string>PBXFileReference</string>
			<key>lastKnownFileType</key>
			<string>sourcecode.c.h</string>
			<key>path</key>
			<string>CreateUserResult.h</string>
			<key>sourceTree</key>
			<string>&lt;group&gt;</string>
		</dict>
		<key>47B8ADE109667B038A9CAE43</key>
		<dict>
			<key>fileEncoding</key>
			<string>4</string>
			<key>isa</key>
			<string>PBXFileReference</string>
			<key>lastKnownFileType</key>
			<string>sourcecode.c.objc</string>
			<key>path</key>
			<string>LocationResult.m</string>
			<key>sourceTree</key>
			<string>&lt;group&gt;</string>
		</dict>
		<key>49276F7C474B309261CA8D5C</key>
		<dict>
			<key>fileEncoding</key>
			<string>4</string>
			<key>isa</key>
			<string>PBXFileReference</string>
			<key>lastKnownFileType</key>
			<string>sourcecode.c.objc</string>
			<key>path</key>
			<string>CreateUserRequest.m</string>
			<key>sourceTree</key>
			<string>&lt;group&gt;</string>
		</dict>
		<key>4992727A161AE101650CEC0A</key>
		<dict>
			<key>fileEncoding</key>
			<string>4</string>
			<key>isa</key>
			<string>PBXFileReference</string>
			<key>lastKnownFileType</key>
			<string>sourcecode.c.h</string>
			<key>path</key>
			<string>CreateUserRequest.h</string>
			<key>sourceTree</key>
			<string>&lt;group&gt;</string>
		</dict>
		<key>4B3751378C715336AE2236D4</key>
		<dict>
			<key>fileEncoding</key>
			<string>4</string>
			<key>isa</key>
			<string>PBXFileReference</string>
			<key>lastKnownFileType</key>
			<string>sourcecode.c.objc</string>
			<key>path</key>
			<string>UserSpec-latest.m</string>
			<key>sourceTree</key>
			<string>&lt;group&gt;</string>
		</dict>
		<key>5696930D358D4AF1B2282F70</key>
		<dict>
			<key>fileEncoding</key>
			<string>4</string>
			<key>isa</key>
			<string>PBXFileReference</string>
			<key>lastKnownFileType</key>
			<string>sourcecode.c.objc</string>
			<key>path</key>
			<string>LocationSpec.m</string>
			<key>sourceTree</key>
			<string>&lt;group&gt;</string>
		</dict>
		<key>5B7EC1327345A5B8A69A8D14</key>
		<dict>
			<key>fileEncoding</key>
			<string>4</string>
			<key>isa</key>
			<string>PBXFileReference</string>
			<key>lastKnownFileType</key>
			<string>sourcecode.c.h</string>
			<key>path</key>
			<string>User.h</string>
			<key>sourceTree</key>
			<string>&lt;group&gt;</string>
		</dict>
		<key>6DD752A077A676360F52C6BE</key>
		<dict>
			<key>fileEncoding</key>
			<string>4</string>
			<key>isa</key>
			<string>PBXFileReference</string>
			<key>lastKnownFileType</key>
			<string>sourcecode.c.objc</string>
			<key>path</key>
			<string>CreateUserResult.m</string>
			<key>sourceTree</key>
			<string>&lt;group&gt;</string>
		</dict>
		<key>75741CADC8244B33FC5D0475</key>
		<dict>
			<key>buildActionMask</key>
			<string>2147483647</string>
			<key>files</key>
			<array/>
			<key>inputPaths</key>
			<array/>
			<key>isa</key>
			<string>PBXShellScriptBuildPhase</string>
			<key>name</key>
			<string>Copy Pods Resources</string>
			<key>outputPaths</key>
			<array/>
			<key>runOnlyForDeploymentPostprocessing</key>
			<string>0</string>
			<key>shellPath</key>
			<string>/bin/sh</string>
			<key>shellScript</key>
			<string>"${SRCROOT}/Pods/Target Support Files/Pods/Pods-resources.sh"
</string>
			<key>showEnvVarsInLog</key>
			<string>0</string>
		</dict>
		<key>7898CAEBBBE8B26126DD38E4</key>
		<dict>
			<key>fileRef</key>
			<string>3CF65D6121955B183D4DD6F1</string>
			<key>isa</key>
			<string>PBXBuildFile</string>
		</dict>
		<key>7A913C686FE3811A5438031A</key>
		<dict>
			<key>fileEncoding</key>
			<string>4</string>
			<key>isa</key>
			<string>PBXFileReference</string>
			<key>lastKnownFileType</key>
			<string>sourcecode.c.objc</string>
			<key>path</key>
			<string>SetLocationResult.m</string>
			<key>sourceTree</key>
			<string>&lt;group&gt;</string>
		</dict>
		<key>88687B969CD63F2D979A74F9</key>
		<dict>
			<key>children</key>
			<array>
				<string>3A52C4B59571171D65EDEAE0</string>
				<string>4B3751378C715336AE2236D4</string>
				<string>5696930D358D4AF1B2282F70</string>
				<string>3930E45C141D3DC282A21375</string>
			</array>
			<key>isa</key>
			<string>PBXGroup</string>
			<key>path</key>
			<string>Controllers</string>
			<key>sourceTree</key>
			<string>&lt;group&gt;</string>
		</dict>
		<key>889ED0E8E5CE2166CBBF2900</key>
		<dict>
			<key>fileEncoding</key>
			<string>4</string>
			<key>isa</key>
			<string>PBXFileReference</string>
			<key>lastKnownFileType</key>
			<string>sourcecode.c.objc</string>
			<key>path</key>
			<string>User.m</string>
			<key>sourceTree</key>
			<string>&lt;group&gt;</string>
		</dict>
		<key>8BFCF597C62B12F6396B57C5</key>
		<dict>
			<key>children</key>
			<array>
				<string>218AFE300E78C4268142E173</string>
				<string>C2D9838873EB1BB164D50892</string>
			</array>
			<key>isa</key>
			<string>PBXGroup</string>
			<key>path</key>
			<string>r2m</string>
			<key>sourceTree</key>
			<string>&lt;group&gt;</string>
		</dict>
		<key>929E8878672244035EC292F8</key>
		<dict>
			<key>fileEncoding</key>
			<string>4</string>
			<key>isa</key>
			<string>PBXFileReference</string>
			<key>lastKnownFileType</key>
			<string>sourcecode.c.h</string>
			<key>path</key>
			<string>Location.h</string>
			<key>sourceTree</key>
			<string>&lt;group&gt;</string>
		</dict>
		<key>9A611F3EB53A77AF75A9865E</key>
		<dict>
			<key>children</key>
			<array>
				<string>A68BAEDE1A4638B500EC8B7E</string>
				<string>3CF65D6121955B183D4DD6F1</string>
			</array>
			<key>isa</key>
			<string>PBXGroup</string>
			<key>name</key>
			<string>Frameworks</string>
			<key>sourceTree</key>
			<string>&lt;group&gt;</string>
		</dict>
		<key>9EEE76B63C808039A1ED339B</key>
		<dict>
			<key>fileRef</key>
			<string>F206D53549ABB20F27025E09</string>
			<key>isa</key>
			<string>PBXBuildFile</string>
		</dict>
		<key>A68BAEDE1A4638B500EC8B7E</key>
		<dict>
			<key>isa</key>
			<string>PBXFileReference</string>
			<key>lastKnownFileType</key>
			<string>wrapper.framework</string>
			<key>name</key>
			<string>CoreLocation.framework</string>
			<key>path</key>
			<string>System/Library/Frameworks/CoreLocation.framework</string>
			<key>sourceTree</key>
			<string>SDKROOT</string>
		</dict>
		<key>A68BAEDF1A4638B500EC8B7E</key>
		<dict>
			<key>fileRef</key>
			<string>A68BAEDE1A4638B500EC8B7E</string>
			<key>isa</key>
			<string>PBXBuildFile</string>
		</dict>
		<key>A68BAEE01A478B9A00EC8B7E</key>
		<dict>
			<key>fileEncoding</key>
			<string>4</string>
			<key>isa</key>
			<string>PBXFileReference</string>
			<key>lastKnownFileType</key>
			<string>sourcecode.c.objc</string>
			<key>path</key>
			<string>AKPickerView.m</string>
			<key>sourceTree</key>
			<string>&lt;group&gt;</string>
		</dict>
		<key>A68BAEE11A478B9A00EC8B7E</key>
		<dict>
			<key>fileEncoding</key>
			<string>4</string>
			<key>isa</key>
			<string>PBXFileReference</string>
			<key>lastKnownFileType</key>
			<string>sourcecode.c.h</string>
			<key>path</key>
			<string>AKPickerView.h</string>
			<key>sourceTree</key>
			<string>&lt;group&gt;</string>
		</dict>
		<key>A68BAEE21A478B9A00EC8B7E</key>
		<dict>
			<key>fileRef</key>
			<string>A68BAEE01A478B9A00EC8B7E</string>
			<key>isa</key>
			<string>PBXBuildFile</string>
		</dict>
		<key>A6A27DB91A3BACBA006F7ECD</key>
		<dict>
			<key>children</key>
			<array>
				<string>A6A27E6A1A3F8CC2006F7ECD</string>
				<string>A6A27DFB1A3DE0EB006F7ECD</string>
				<string>A6A27DC41A3BACBA006F7ECD</string>
				<string>A6A27DDD1A3BACBA006F7ECD</string>
				<string>A6A27DC31A3BACBA006F7ECD</string>
				<string>B7C985CD860FB96A49D44150</string>
				<string>9A611F3EB53A77AF75A9865E</string>
			</array>
			<key>isa</key>
			<string>PBXGroup</string>
			<key>sourceTree</key>
			<string>&lt;group&gt;</string>
		</dict>
		<key>A6A27DBA1A3BACBA006F7ECD</key>
		<dict>
			<key>attributes</key>
			<dict>
				<key>LastUpgradeCheck</key>
				<string>0610</string>
				<key>ORGANIZATIONNAME</key>
				<string>therewhereinc</string>
				<key>TargetAttributes</key>
				<dict>
					<key>A6A27DC11A3BACBA006F7ECD</key>
					<dict>
						<key>CreatedOnToolsVersion</key>
						<string>6.1.1</string>
					</dict>
					<key>A6A27DD91A3BACBA006F7ECD</key>
					<dict>
						<key>CreatedOnToolsVersion</key>
						<string>6.1.1</string>
						<key>TestTargetID</key>
						<string>A6A27DC11A3BACBA006F7ECD</string>
					</dict>
				</dict>
			</dict>
			<key>buildConfigurationList</key>
			<string>A6A27DBD1A3BACBA006F7ECD</string>
			<key>compatibilityVersion</key>
			<string>Xcode 3.2</string>
			<key>developmentRegion</key>
			<string>English</string>
			<key>hasScannedForEncodings</key>
			<string>0</string>
			<key>isa</key>
			<string>PBXProject</string>
			<key>knownRegions</key>
			<array>
				<string>en</string>
				<string>Base</string>
			</array>
			<key>mainGroup</key>
			<string>A6A27DB91A3BACBA006F7ECD</string>
			<key>productRefGroup</key>
			<string>A6A27DC31A3BACBA006F7ECD</string>
			<key>projectDirPath</key>
			<string></string>
			<key>projectRoot</key>
			<string></string>
			<key>targets</key>
			<array>
				<string>A6A27DC11A3BACBA006F7ECD</string>
				<string>A6A27DD91A3BACBA006F7ECD</string>
			</array>
		</dict>
		<key>A6A27DBD1A3BACBA006F7ECD</key>
		<dict>
			<key>buildConfigurations</key>
			<array>
				<string>A6A27DE21A3BACBA006F7ECD</string>
				<string>A6A27DE31A3BACBA006F7ECD</string>
			</array>
			<key>defaultConfigurationIsVisible</key>
			<string>0</string>
			<key>defaultConfigurationName</key>
			<string>Release</string>
			<key>isa</key>
			<string>XCConfigurationList</string>
		</dict>
		<key>A6A27DBE1A3BACBA006F7ECD</key>
		<dict>
			<key>buildActionMask</key>
			<string>2147483647</string>
			<key>files</key>
			<array>
				<string>A6A27E611A3E3124006F7ECD</string>
				<string>A6A27E6F1A3F933B006F7ECD</string>
				<string>A6AD39021A44E44C0003B146</string>
				<string>A6A27DCB1A3BACBA006F7ECD</string>
				<string>A6A27DC81A3BACBA006F7ECD</string>
				<string>A6A27E631A3E3124006F7ECD</string>
				<string>A68BAEE21A478B9A00EC8B7E</string>
				<string>31292EB9C767A0580C236B49</string>
				<string>410A826D222699F52622CA4E</string>
				<string>190FCE8F69DC4D5A7BCE0BF9</string>
				<string>9EEE76B63C808039A1ED339B</string>
				<string>B00465F85D27753228B82AF8</string>
				<string>2CAB5C7131CECD68D802278A</string>
				<string>E80DB24B6FD2561290A87B63</string>
				<string>332ECE631E151A3DFC65BC62</string>
				<string>1DBE52E221F3D96249EDB43C</string>
			</array>
			<key>isa</key>
			<string>PBXSourcesBuildPhase</string>
			<key>runOnlyForDeploymentPostprocessing</key>
			<string>0</string>
		</dict>
		<key>A6A27DBF1A3BACBA006F7ECD</key>
		<dict>
			<key>buildActionMask</key>
			<string>2147483647</string>
			<key>files</key>
			<array>
				<string>A68BAEDF1A4638B500EC8B7E</string>
				<string>A6A27E6B1A3F8CC2006F7ECD</string>
				<string>7898CAEBBBE8B26126DD38E4</string>
			</array>
			<key>isa</key>
			<string>PBXFrameworksBuildPhase</string>
			<key>runOnlyForDeploymentPostprocessing</key>
			<string>0</string>
		</dict>
		<key>A6A27DC01A3BACBA006F7ECD</key>
		<dict>
			<key>buildActionMask</key>
			<string>2147483647</string>
			<key>files</key>
			<array>
				<string>A6A27E0F1A3E11FC006F7ECD</string>
				<string>A6A27E621A3E3124006F7ECD</string>
				<string>A6A27DD21A3BACBA006F7ECD</string>
				<string>A6A27E651A3E4640006F7ECD</string>
				<string>A6A27E601A3E3124006F7ECD</string>
				<string>A6AD39031A44E44C0003B146</string>
			</array>
			<key>isa</key>
			<string>PBXResourcesBuildPhase</string>
			<key>runOnlyForDeploymentPostprocessing</key>
			<string>0</string>
		</dict>
		<key>A6A27DC11A3BACBA006F7ECD</key>
		<dict>
			<key>buildConfigurationList</key>
			<string>A6A27DE41A3BACBA006F7ECD</string>
			<key>buildPhases</key>
			<array>
				<string>124116A5396F812C7D2A7D83</string>
				<string>A6A27DBE1A3BACBA006F7ECD</string>
				<string>A6A27DBF1A3BACBA006F7ECD</string>
				<string>A6A27DC01A3BACBA006F7ECD</string>
				<string>75741CADC8244B33FC5D0475</string>
			</array>
			<key>buildRules</key>
			<array/>
			<key>dependencies</key>
			<array/>
			<key>isa</key>
			<string>PBXNativeTarget</string>
			<key>name</key>
			<string>therewhere</string>
			<key>productName</key>
			<string>therewhere</string>
			<key>productReference</key>
			<string>A6A27DC21A3BACBA006F7ECD</string>
			<key>productType</key>
			<string>com.apple.product-type.application</string>
		</dict>
		<key>A6A27DC21A3BACBA006F7ECD</key>
		<dict>
			<key>explicitFileType</key>
			<string>wrapper.application</string>
			<key>includeInIndex</key>
			<string>0</string>
			<key>isa</key>
			<string>PBXFileReference</string>
			<key>path</key>
			<string>therewhere.app</string>
			<key>sourceTree</key>
			<string>BUILT_PRODUCTS_DIR</string>
		</dict>
		<key>A6A27DC31A3BACBA006F7ECD</key>
		<dict>
			<key>children</key>
			<array>
				<string>A6A27DC21A3BACBA006F7ECD</string>
				<string>A6A27DDA1A3BACBA006F7ECD</string>
			</array>
			<key>isa</key>
			<string>PBXGroup</string>
			<key>name</key>
			<string>Products</string>
			<key>sourceTree</key>
			<string>&lt;group&gt;</string>
		</dict>
		<key>A6A27DC41A3BACBA006F7ECD</key>
		<dict>
			<key>children</key>
			<array>
				<string>A6A27E6C1A3F9304006F7ECD</string>
				<string>A6A27E5C1A3E3124006F7ECD</string>
				<string>A6A27E5D1A3E3124006F7ECD</string>
				<string>A6A27E5E1A3E3124006F7ECD</string>
				<string>A6A27E5F1A3E3124006F7ECD</string>
				<string>A6A27DC71A3BACBA006F7ECD</string>
				<string>A6A27DD11A3BACBA006F7ECD</string>
				<string>A6A27DC91A3BACBA006F7ECD</string>
				<string>A6A27DC51A3BACBA006F7ECD</string>
				<string>A6A27DF41A3DDBDA006F7ECD</string>
				<string>A6A27E641A3E4640006F7ECD</string>
				<string>A6AD38FF1A44E44C0003B146</string>
				<string>A6AD39001A44E44C0003B146</string>
				<string>A6AD39011A44E44C0003B146</string>
				<string>A6A53A2B1A44E91500238E20</string>
				<string>8BFCF597C62B12F6396B57C5</string>
			</array>
			<key>isa</key>
			<string>PBXGroup</string>
			<key>path</key>
			<string>therewhere</string>
			<key>sourceTree</key>
			<string>&lt;group&gt;</string>
		</dict>
		<key>A6A27DC51A3BACBA006F7ECD</key>
		<dict>
			<key>children</key>
			<array>
				<string>A6A27DC61A3BACBA006F7ECD</string>
			</array>
			<key>isa</key>
			<string>PBXGroup</string>
			<key>name</key>
			<string>Supporting Files</string>
			<key>sourceTree</key>
			<string>&lt;group&gt;</string>
		</dict>
		<key>A6A27DC61A3BACBA006F7ECD</key>
		<dict>
			<key>isa</key>
			<string>PBXFileReference</string>
			<key>lastKnownFileType</key>
			<string>text.plist.xml</string>
			<key>name</key>
			<string>Info.plist</string>
			<key>path</key>
			<string>therewhere/Info.plist</string>
			<key>sourceTree</key>
			<string>SOURCE_ROOT</string>
		</dict>
		<key>A6A27DC71A3BACBA006F7ECD</key>
		<dict>
			<key>isa</key>
			<string>PBXFileReference</string>
			<key>lastKnownFileType</key>
			<string>sourcecode.swift</string>
			<key>name</key>
			<string>AppDelegate.swift</string>
			<key>path</key>
			<string>therewhere/AppDelegate.swift</string>
			<key>sourceTree</key>
			<string>SOURCE_ROOT</string>
		</dict>
		<key>A6A27DC81A3BACBA006F7ECD</key>
		<dict>
			<key>fileRef</key>
			<string>A6A27DC71A3BACBA006F7ECD</string>
			<key>isa</key>
			<string>PBXBuildFile</string>
		</dict>
		<key>A6A27DC91A3BACBA006F7ECD</key>
		<dict>
			<key>children</key>
			<array>
				<string>A6A27DCA1A3BACBA006F7ECD</string>
			</array>
			<key>currentVersion</key>
			<string>A6A27DCA1A3BACBA006F7ECD</string>
			<key>isa</key>
			<string>XCVersionGroup</string>
			<key>path</key>
			<string>therewhere.xcdatamodeld</string>
			<key>sourceTree</key>
			<string>&lt;group&gt;</string>
			<key>versionGroupType</key>
			<string>wrapper.xcdatamodel</string>
		</dict>
		<key>A6A27DCA1A3BACBA006F7ECD</key>
		<dict>
			<key>isa</key>
			<string>PBXFileReference</string>
			<key>lastKnownFileType</key>
			<string>wrapper.xcdatamodel</string>
			<key>name</key>
			<string>therewhere.xcdatamodel</string>
			<key>path</key>
			<string>therewhere/therewhere.xcdatamodeld/therewhere.xcdatamodel</string>
			<key>sourceTree</key>
			<string>SOURCE_ROOT</string>
		</dict>
		<key>A6A27DCB1A3BACBA006F7ECD</key>
		<dict>
			<key>fileRef</key>
			<string>A6A27DC91A3BACBA006F7ECD</string>
			<key>isa</key>
			<string>PBXBuildFile</string>
		</dict>
		<key>A6A27DD11A3BACBA006F7ECD</key>
		<dict>
			<key>isa</key>
			<string>PBXFileReference</string>
			<key>lastKnownFileType</key>
			<string>folder.assetcatalog</string>
			<key>name</key>
			<string>Images.xcassets</string>
			<key>path</key>
			<string>therewhere/Images.xcassets</string>
			<key>sourceTree</key>
			<string>SOURCE_ROOT</string>
		</dict>
		<key>A6A27DD21A3BACBA006F7ECD</key>
		<dict>
			<key>fileRef</key>
			<string>A6A27DD11A3BACBA006F7ECD</string>
			<key>isa</key>
			<string>PBXBuildFile</string>
		</dict>
		<key>A6A27DD61A3BACBA006F7ECD</key>
		<dict>
			<key>buildActionMask</key>
			<string>2147483647</string>
			<key>files</key>
			<array>
				<string>A6A27DE11A3BACBA006F7ECD</string>
				<string>0F4353F026468AB2ED2EF4C3</string>
				<string>1AF9B9C947F99A815BEC1338</string>
			</array>
			<key>isa</key>
			<string>PBXSourcesBuildPhase</string>
			<key>runOnlyForDeploymentPostprocessing</key>
			<string>0</string>
		</dict>
		<key>A6A27DD71A3BACBA006F7ECD</key>
		<dict>
			<key>buildActionMask</key>
			<string>2147483647</string>
			<key>files</key>
			<array/>
			<key>isa</key>
			<string>PBXFrameworksBuildPhase</string>
			<key>runOnlyForDeploymentPostprocessing</key>
			<string>0</string>
		</dict>
		<key>A6A27DD81A3BACBA006F7ECD</key>
		<dict>
			<key>buildActionMask</key>
			<string>2147483647</string>
			<key>files</key>
			<array/>
			<key>isa</key>
			<string>PBXResourcesBuildPhase</string>
			<key>runOnlyForDeploymentPostprocessing</key>
			<string>0</string>
		</dict>
		<key>A6A27DD91A3BACBA006F7ECD</key>
		<dict>
			<key>buildConfigurationList</key>
			<string>A6A27DE71A3BACBA006F7ECD</string>
			<key>buildPhases</key>
			<array>
				<string>A6A27DD61A3BACBA006F7ECD</string>
				<string>A6A27DD71A3BACBA006F7ECD</string>
				<string>A6A27DD81A3BACBA006F7ECD</string>
			</array>
			<key>buildRules</key>
			<array/>
			<key>dependencies</key>
			<array>
				<string>A6A27DDC1A3BACBA006F7ECD</string>
			</array>
			<key>isa</key>
			<string>PBXNativeTarget</string>
			<key>name</key>
			<string>therewhereTests</string>
			<key>productName</key>
			<string>therewhereTests</string>
			<key>productReference</key>
			<string>A6A27DDA1A3BACBA006F7ECD</string>
			<key>productType</key>
			<string>com.apple.product-type.bundle.unit-test</string>
		</dict>
		<key>A6A27DDA1A3BACBA006F7ECD</key>
		<dict>
			<key>explicitFileType</key>
			<string>wrapper.cfbundle</string>
			<key>includeInIndex</key>
			<string>0</string>
			<key>isa</key>
			<string>PBXFileReference</string>
			<key>path</key>
			<string>therewhereTests.xctest</string>
			<key>sourceTree</key>
			<string>BUILT_PRODUCTS_DIR</string>
		</dict>
		<key>A6A27DDB1A3BACBA006F7ECD</key>
		<dict>
			<key>containerPortal</key>
			<string>A6A27DBA1A3BACBA006F7ECD</string>
			<key>isa</key>
			<string>PBXContainerItemProxy</string>
			<key>proxyType</key>
			<string>1</string>
			<key>remoteGlobalIDString</key>
			<string>A6A27DC11A3BACBA006F7ECD</string>
			<key>remoteInfo</key>
			<string>therewhere</string>
		</dict>
		<key>A6A27DDC1A3BACBA006F7ECD</key>
		<dict>
			<key>isa</key>
			<string>PBXTargetDependency</string>
			<key>target</key>
			<string>A6A27DC11A3BACBA006F7ECD</string>
			<key>targetProxy</key>
			<string>A6A27DDB1A3BACBA006F7ECD</string>
		</dict>
		<key>A6A27DDD1A3BACBA006F7ECD</key>
		<dict>
			<key>children</key>
			<array>
				<string>A6A27DE01A3BACBA006F7ECD</string>
				<string>A6A27DDE1A3BACBA006F7ECD</string>
				<string>C495B0859FC631B3D1AF4A12</string>
			</array>
			<key>isa</key>
			<string>PBXGroup</string>
			<key>path</key>
			<string>therewhereTests</string>
			<key>sourceTree</key>
			<string>&lt;group&gt;</string>
		</dict>
		<key>A6A27DDE1A3BACBA006F7ECD</key>
		<dict>
			<key>children</key>
			<array>
				<string>A6A27DDF1A3BACBA006F7ECD</string>
			</array>
			<key>isa</key>
			<string>PBXGroup</string>
			<key>name</key>
			<string>Supporting Files</string>
			<key>sourceTree</key>
			<string>&lt;group&gt;</string>
		</dict>
		<key>A6A27DDF1A3BACBA006F7ECD</key>
		<dict>
			<key>isa</key>
			<string>PBXFileReference</string>
			<key>lastKnownFileType</key>
			<string>text.plist.xml</string>
			<key>path</key>
			<string>Info.plist</string>
			<key>sourceTree</key>
			<string>&lt;group&gt;</string>
		</dict>
		<key>A6A27DE01A3BACBA006F7ECD</key>
		<dict>
			<key>isa</key>
			<string>PBXFileReference</string>
			<key>lastKnownFileType</key>
			<string>sourcecode.swift</string>
			<key>path</key>
			<string>therewhereTests.swift</string>
			<key>sourceTree</key>
			<string>&lt;group&gt;</string>
		</dict>
		<key>A6A27DE11A3BACBA006F7ECD</key>
		<dict>
			<key>fileRef</key>
			<string>A6A27DE01A3BACBA006F7ECD</string>
			<key>isa</key>
			<string>PBXBuildFile</string>
		</dict>
		<key>A6A27DE21A3BACBA006F7ECD</key>
		<dict>
			<key>buildSettings</key>
			<dict>
				<key>ALWAYS_SEARCH_USER_PATHS</key>
				<string>NO</string>
				<key>CLANG_CXX_LANGUAGE_STANDARD</key>
				<string>gnu++0x</string>
				<key>CLANG_CXX_LIBRARY</key>
				<string>libc++</string>
				<key>CLANG_ENABLE_MODULES</key>
				<string>YES</string>
				<key>CLANG_ENABLE_OBJC_ARC</key>
				<string>YES</string>
				<key>CLANG_WARN_BOOL_CONVERSION</key>
				<string>YES</string>
				<key>CLANG_WARN_CONSTANT_CONVERSION</key>
				<string>YES</string>
				<key>CLANG_WARN_DIRECT_OBJC_ISA_USAGE</key>
				<string>YES_ERROR</string>
				<key>CLANG_WARN_EMPTY_BODY</key>
				<string>YES</string>
				<key>CLANG_WARN_ENUM_CONVERSION</key>
				<string>YES</string>
				<key>CLANG_WARN_INT_CONVERSION</key>
				<string>YES</string>
				<key>CLANG_WARN_OBJC_ROOT_CLASS</key>
				<string>YES_ERROR</string>
				<key>CLANG_WARN_UNREACHABLE_CODE</key>
				<string>YES</string>
				<key>CLANG_WARN__DUPLICATE_METHOD_MATCH</key>
				<string>YES</string>
				<key>CODE_SIGN_IDENTITY[sdk=iphoneos*]</key>
				<string>iPhone Developer</string>
				<key>COPY_PHASE_STRIP</key>
				<string>NO</string>
				<key>ENABLE_STRICT_OBJC_MSGSEND</key>
				<string>YES</string>
				<key>GCC_C_LANGUAGE_STANDARD</key>
				<string>gnu99</string>
				<key>GCC_DYNAMIC_NO_PIC</key>
				<string>NO</string>
				<key>GCC_OPTIMIZATION_LEVEL</key>
				<string>0</string>
				<key>GCC_PREPROCESSOR_DEFINITIONS</key>
				<array>
					<string>DEBUG=1</string>
					<string>$(inherited)</string>
				</array>
				<key>GCC_SYMBOLS_PRIVATE_EXTERN</key>
				<string>NO</string>
				<key>GCC_WARN_64_TO_32_BIT_CONVERSION</key>
				<string>YES</string>
				<key>GCC_WARN_ABOUT_RETURN_TYPE</key>
				<string>YES_ERROR</string>
				<key>GCC_WARN_UNDECLARED_SELECTOR</key>
				<string>YES</string>
				<key>GCC_WARN_UNINITIALIZED_AUTOS</key>
				<string>YES_AGGRESSIVE</string>
				<key>GCC_WARN_UNUSED_FUNCTION</key>
				<string>YES</string>
				<key>GCC_WARN_UNUSED_VARIABLE</key>
				<string>YES</string>
				<key>IPHONEOS_DEPLOYMENT_TARGET</key>
				<string>8.1</string>
				<key>MTL_ENABLE_DEBUG_INFO</key>
				<string>YES</string>
				<key>ONLY_ACTIVE_ARCH</key>
				<string>YES</string>
				<key>SDKROOT</key>
				<string>iphoneos</string>
				<key>SWIFT_OPTIMIZATION_LEVEL</key>
				<string>-Onone</string>
				<key>TARGETED_DEVICE_FAMILY</key>
				<string>1,2</string>
			</dict>
			<key>isa</key>
			<string>XCBuildConfiguration</string>
			<key>name</key>
			<string>Debug</string>
		</dict>
		<key>A6A27DE31A3BACBA006F7ECD</key>
		<dict>
			<key>buildSettings</key>
			<dict>
				<key>ALWAYS_SEARCH_USER_PATHS</key>
				<string>NO</string>
				<key>CLANG_CXX_LANGUAGE_STANDARD</key>
				<string>gnu++0x</string>
				<key>CLANG_CXX_LIBRARY</key>
				<string>libc++</string>
				<key>CLANG_ENABLE_MODULES</key>
				<string>YES</string>
				<key>CLANG_ENABLE_OBJC_ARC</key>
				<string>YES</string>
				<key>CLANG_WARN_BOOL_CONVERSION</key>
				<string>YES</string>
				<key>CLANG_WARN_CONSTANT_CONVERSION</key>
				<string>YES</string>
				<key>CLANG_WARN_DIRECT_OBJC_ISA_USAGE</key>
				<string>YES_ERROR</string>
				<key>CLANG_WARN_EMPTY_BODY</key>
				<string>YES</string>
				<key>CLANG_WARN_ENUM_CONVERSION</key>
				<string>YES</string>
				<key>CLANG_WARN_INT_CONVERSION</key>
				<string>YES</string>
				<key>CLANG_WARN_OBJC_ROOT_CLASS</key>
				<string>YES_ERROR</string>
				<key>CLANG_WARN_UNREACHABLE_CODE</key>
				<string>YES</string>
				<key>CLANG_WARN__DUPLICATE_METHOD_MATCH</key>
				<string>YES</string>
				<key>CODE_SIGN_IDENTITY[sdk=iphoneos*]</key>
				<string>iPhone Developer</string>
				<key>COPY_PHASE_STRIP</key>
				<string>YES</string>
				<key>ENABLE_NS_ASSERTIONS</key>
				<string>NO</string>
				<key>ENABLE_STRICT_OBJC_MSGSEND</key>
				<string>YES</string>
				<key>GCC_C_LANGUAGE_STANDARD</key>
				<string>gnu99</string>
				<key>GCC_WARN_64_TO_32_BIT_CONVERSION</key>
				<string>YES</string>
				<key>GCC_WARN_ABOUT_RETURN_TYPE</key>
				<string>YES_ERROR</string>
				<key>GCC_WARN_UNDECLARED_SELECTOR</key>
				<string>YES</string>
				<key>GCC_WARN_UNINITIALIZED_AUTOS</key>
				<string>YES_AGGRESSIVE</string>
				<key>GCC_WARN_UNUSED_FUNCTION</key>
				<string>YES</string>
				<key>GCC_WARN_UNUSED_VARIABLE</key>
				<string>YES</string>
				<key>IPHONEOS_DEPLOYMENT_TARGET</key>
				<string>8.1</string>
				<key>MTL_ENABLE_DEBUG_INFO</key>
				<string>NO</string>
				<key>SDKROOT</key>
				<string>iphoneos</string>
				<key>TARGETED_DEVICE_FAMILY</key>
				<string>1,2</string>
				<key>VALIDATE_PRODUCT</key>
				<string>YES</string>
			</dict>
			<key>isa</key>
			<string>XCBuildConfiguration</string>
			<key>name</key>
			<string>Release</string>
		</dict>
		<key>A6A27DE41A3BACBA006F7ECD</key>
		<dict>
			<key>buildConfigurations</key>
			<array>
				<string>A6A27DE51A3BACBA006F7ECD</string>
				<string>A6A27DE61A3BACBA006F7ECD</string>
			</array>
			<key>defaultConfigurationIsVisible</key>
			<string>0</string>
			<key>defaultConfigurationName</key>
			<string>Release</string>
			<key>isa</key>
			<string>XCConfigurationList</string>
		</dict>
		<key>A6A27DE51A3BACBA006F7ECD</key>
		<dict>
			<key>baseConfigurationReference</key>
			<string>00750A9461831B54CE16BFD4</string>
			<key>buildSettings</key>
			<dict>
				<key>ASSETCATALOG_COMPILER_APPICON_NAME</key>
				<string>AppIcon</string>
				<key>DEFINES_MODULE</key>
				<string>YES</string>
				<key>INFOPLIST_FILE</key>
				<string>therewhere/Info.plist</string>
				<key>LD_RUNPATH_SEARCH_PATHS</key>
				<string>$(inherited) @executable_path/Frameworks</string>
				<key>OTHER_LDFLAGS</key>
				<array>
					<string>-ObjC</string>
					<string>-framework</string>
					<string>"QuartzCore"</string>
					<string>$(inherited)</string>
				</array>
				<key>PRODUCT_NAME</key>
				<string>$(TARGET_NAME)</string>
				<key>SWIFT_OBJC_BRIDGING_HEADER</key>
				<string>therewhere/MainMapViewController-Bridging-Header.h</string>
			</dict>
			<key>isa</key>
			<string>XCBuildConfiguration</string>
			<key>name</key>
			<string>Debug</string>
		</dict>
		<key>A6A27DE61A3BACBA006F7ECD</key>
		<dict>
			<key>baseConfigurationReference</key>
			<string>C023D4DC9AD816C5969E91AD</string>
			<key>buildSettings</key>
			<dict>
				<key>ASSETCATALOG_COMPILER_APPICON_NAME</key>
				<string>AppIcon</string>
				<key>DEFINES_MODULE</key>
				<string>YES</string>
				<key>INFOPLIST_FILE</key>
				<string>therewhere/Info.plist</string>
				<key>LD_RUNPATH_SEARCH_PATHS</key>
				<string>$(inherited) @executable_path/Frameworks</string>
				<key>OTHER_LDFLAGS</key>
				<array>
					<string>-ObjC</string>
					<string>-framework</string>
					<string>"QuartzCore"</string>
					<string>$(inherited)</string>
				</array>
				<key>PRODUCT_NAME</key>
				<string>$(TARGET_NAME)</string>
				<key>SWIFT_OBJC_BRIDGING_HEADER</key>
				<string>therewhere/MainMapViewController-Bridging-Header.h</string>
			</dict>
			<key>isa</key>
			<string>XCBuildConfiguration</string>
			<key>name</key>
			<string>Release</string>
		</dict>
		<key>A6A27DE71A3BACBA006F7ECD</key>
		<dict>
			<key>buildConfigurations</key>
			<array>
				<string>A6A27DE81A3BACBA006F7ECD</string>
				<string>A6A27DE91A3BACBA006F7ECD</string>
			</array>
			<key>defaultConfigurationIsVisible</key>
			<string>0</string>
			<key>defaultConfigurationName</key>
			<string>Release</string>
			<key>isa</key>
			<string>XCConfigurationList</string>
		</dict>
		<key>A6A27DE81A3BACBA006F7ECD</key>
		<dict>
			<key>buildSettings</key>
			<dict>
				<key>BUNDLE_LOADER</key>
				<string>$(TEST_HOST)</string>
				<key>FRAMEWORK_SEARCH_PATHS</key>
				<array>
					<string>$(SDKROOT)/Developer/Library/Frameworks</string>
					<string>$(inherited)</string>
				</array>
				<key>GCC_PREPROCESSOR_DEFINITIONS</key>
				<array>
					<string>DEBUG=1</string>
					<string>$(inherited)</string>
				</array>
				<key>INFOPLIST_FILE</key>
				<string>therewhereTests/Info.plist</string>
				<key>LD_RUNPATH_SEARCH_PATHS</key>
				<string>$(inherited) @executable_path/Frameworks @loader_path/Frameworks</string>
				<key>PRODUCT_NAME</key>
				<string>$(TARGET_NAME)</string>
				<key>TEST_HOST</key>
				<string>$(BUILT_PRODUCTS_DIR)/therewhere.app/therewhere</string>
			</dict>
			<key>isa</key>
			<string>XCBuildConfiguration</string>
			<key>name</key>
			<string>Debug</string>
		</dict>
		<key>A6A27DE91A3BACBA006F7ECD</key>
		<dict>
			<key>buildSettings</key>
			<dict>
				<key>BUNDLE_LOADER</key>
				<string>$(TEST_HOST)</string>
				<key>FRAMEWORK_SEARCH_PATHS</key>
				<array>
					<string>$(SDKROOT)/Developer/Library/Frameworks</string>
					<string>$(inherited)</string>
				</array>
				<key>INFOPLIST_FILE</key>
				<string>therewhereTests/Info.plist</string>
				<key>LD_RUNPATH_SEARCH_PATHS</key>
				<string>$(inherited) @executable_path/Frameworks @loader_path/Frameworks</string>
				<key>PRODUCT_NAME</key>
				<string>$(TARGET_NAME)</string>
				<key>TEST_HOST</key>
				<string>$(BUILT_PRODUCTS_DIR)/therewhere.app/therewhere</string>
			</dict>
			<key>isa</key>
			<string>XCBuildConfiguration</string>
			<key>name</key>
			<string>Release</string>
		</dict>
		<key>A6A27DF41A3DDBDA006F7ECD</key>
		<dict>
			<key>isa</key>
			<string>PBXFileReference</string>
			<key>lastKnownFileType</key>
			<string>file.playground</string>
			<key>name</key>
			<string>TW.playground</string>
			<key>path</key>
			<string>therewhere/TW.playground</string>
			<key>sourceTree</key>
			<string>SOURCE_ROOT</string>
		</dict>
		<key>A6A27DFB1A3DE0EB006F7ECD</key>
		<dict>
			<key>isa</key>
			<string>PBXFileReference</string>
			<key>lastKnownFileType</key>
			<string>image.png</string>
			<key>path</key>
			<string>Default-568h@2x.png</string>
			<key>sourceTree</key>
			<string>&lt;group&gt;</string>
		</dict>
		<key>A6A27E0F1A3E11FC006F7ECD</key>
		<dict>
			<key>fileRef</key>
			<string>A6A27DFB1A3DE0EB006F7ECD</string>
			<key>isa</key>
			<string>PBXBuildFile</string>
		</dict>
		<key>A6A27E5C1A3E3124006F7ECD</key>
		<dict>
			<key>fileEncoding</key>
			<string>4</string>
			<key>isa</key>
			<string>PBXFileReference</string>
			<key>lastKnownFileType</key>
			<string>file.xib</string>
			<key>name</key>
			<string>LoginViewController.xib</string>
			<key>path</key>
			<string>therewhere/LoginViewController.xib</string>
			<key>sourceTree</key>
			<string>SOURCE_ROOT</string>
		</dict>
		<key>A6A27E5D1A3E3124006F7ECD</key>
		<dict>
			<key>fileEncoding</key>
			<string>4</string>
			<key>isa</key>
			<string>PBXFileReference</string>
			<key>lastKnownFileType</key>
			<string>sourcecode.swift</string>
			<key>name</key>
			<string>LoginViewController.swift</string>
			<key>path</key>
			<string>therewhere/LoginViewController.swift</string>
			<key>sourceTree</key>
			<string>SOURCE_ROOT</string>
		</dict>
		<key>A6A27E5E1A3E3124006F7ECD</key>
		<dict>
			<key>fileEncoding</key>
			<string>4</string>
			<key>isa</key>
			<string>PBXFileReference</string>
			<key>lastKnownFileType</key>
			<string>file.xib</string>
			<key>name</key>
			<string>InviteFriendsViewController.xib</string>
			<key>path</key>
			<string>therewhere/InviteFriendsViewController.xib</string>
			<key>sourceTree</key>
			<string>SOURCE_ROOT</string>
		</dict>
		<key>A6A27E5F1A3E3124006F7ECD</key>
		<dict>
			<key>fileEncoding</key>
			<string>4</string>
			<key>isa</key>
			<string>PBXFileReference</string>
			<key>lastKnownFileType</key>
			<string>sourcecode.swift</string>
			<key>name</key>
			<string>InviteFriendsViewController.swift</string>
			<key>path</key>
			<string>therewhere/InviteFriendsViewController.swift</string>
			<key>sourceTree</key>
			<string>SOURCE_ROOT</string>
		</dict>
		<key>A6A27E601A3E3124006F7ECD</key>
		<dict>
			<key>fileRef</key>
			<string>A6A27E5C1A3E3124006F7ECD</string>
			<key>isa</key>
			<string>PBXBuildFile</string>
		</dict>
		<key>A6A27E611A3E3124006F7ECD</key>
		<dict>
			<key>fileRef</key>
			<string>A6A27E5D1A3E3124006F7ECD</string>
			<key>isa</key>
			<string>PBXBuildFile</string>
		</dict>
		<key>A6A27E621A3E3124006F7ECD</key>
		<dict>
			<key>fileRef</key>
			<string>A6A27E5E1A3E3124006F7ECD</string>
			<key>isa</key>
			<string>PBXBuildFile</string>
		</dict>
		<key>A6A27E631A3E3124006F7ECD</key>
		<dict>
			<key>fileRef</key>
			<string>A6A27E5F1A3E3124006F7ECD</string>
			<key>isa</key>
			<string>PBXBuildFile</string>
		</dict>
		<key>A6A27E641A3E4640006F7ECD</key>
		<dict>
			<key>fileEncoding</key>
			<string>4</string>
			<key>isa</key>
			<string>PBXFileReference</string>
			<key>lastKnownFileType</key>
			<string>file.xib</string>
			<key>name</key>
			<string>CustomTableViewCell.xib</string>
			<key>path</key>
			<string>therewhere/CustomTableViewCell.xib</string>
			<key>sourceTree</key>
			<string>SOURCE_ROOT</string>
		</dict>
		<key>A6A27E651A3E4640006F7ECD</key>
		<dict>
			<key>fileRef</key>
			<string>A6A27E641A3E4640006F7ECD</string>
			<key>isa</key>
			<string>PBXBuildFile</string>
		</dict>
		<key>A6A27E6A1A3F8CC2006F7ECD</key>
		<dict>
			<key>isa</key>
			<string>PBXFileReference</string>
			<key>lastKnownFileType</key>
			<string>wrapper.framework</string>
			<key>name</key>
			<string>MapKit.framework</string>
			<key>path</key>
			<string>System/Library/Frameworks/MapKit.framework</string>
			<key>sourceTree</key>
			<string>SDKROOT</string>
		</dict>
		<key>A6A27E6B1A3F8CC2006F7ECD</key>
		<dict>
			<key>fileRef</key>
			<string>A6A27E6A1A3F8CC2006F7ECD</string>
			<key>isa</key>
			<string>PBXBuildFile</string>
		</dict>
		<key>A6A27E6C1A3F9304006F7ECD</key>
		<dict>
			<key>children</key>
			<array>
				<string>A68BAEE01A478B9A00EC8B7E</string>
				<string>A68BAEE11A478B9A00EC8B7E</string>
				<string>A6A27E6D1A3F933B006F7ECD</string>
				<string>A6A27E6E1A3F933B006F7ECD</string>
				<string>A6A27E701A3F9775006F7ECD</string>
			</array>
			<key>isa</key>
			<string>PBXGroup</string>
			<key>name</key>
			<string>Lib</string>
			<key>sourceTree</key>
			<string>&lt;group&gt;</string>
		</dict>
		<key>A6A27E6D1A3F933B006F7ECD</key>
		<dict>
			<key>fileEncoding</key>
			<string>4</string>
			<key>isa</key>
			<string>PBXFileReference</string>
			<key>lastKnownFileType</key>
			<string>sourcecode.c.h</string>
			<key>name</key>
			<string>LTInfiniteScrollView.h</string>
			<key>path</key>
			<string>therewhere/LTInfiniteScrollView.h</string>
			<key>sourceTree</key>
			<string>SOURCE_ROOT</string>
		</dict>
		<key>A6A27E6E1A3F933B006F7ECD</key>
		<dict>
			<key>fileEncoding</key>
			<string>4</string>
			<key>isa</key>
			<string>PBXFileReference</string>
			<key>lastKnownFileType</key>
			<string>sourcecode.c.objc</string>
			<key>name</key>
			<string>LTInfiniteScrollView.m</string>
			<key>path</key>
			<string>therewhere/LTInfiniteScrollView.m</string>
			<key>sourceTree</key>
			<string>SOURCE_ROOT</string>
		</dict>
		<key>A6A27E6F1A3F933B006F7ECD</key>
		<dict>
			<key>fileRef</key>
			<string>A6A27E6E1A3F933B006F7ECD</string>
			<key>isa</key>
			<string>PBXBuildFile</string>
		</dict>
		<key>A6A27E701A3F9775006F7ECD</key>
		<dict>
			<key>fileEncoding</key>
			<string>4</string>
			<key>isa</key>
			<string>PBXFileReference</string>
			<key>lastKnownFileType</key>
			<string>sourcecode.c.h</string>
			<key>name</key>
			<string>LTInfiniteScrollView-Bridging-Header.h.h</string>
			<key>path</key>
			<string>therewhere/LTInfiniteScrollView-Bridging-Header.h.h</string>
			<key>sourceTree</key>
			<string>SOURCE_ROOT</string>
		</dict>
		<key>A6A53A2B1A44E91500238E20</key>
		<dict>
			<key>isa</key>
			<string>PBXFileReference</string>
			<key>lastKnownFileType</key>
			<string>sourcecode.c.h</string>
			<key>name</key>
			<string>MainMapViewController-Bridging-Header.h</string>
			<key>path</key>
			<string>therewhere/MainMapViewController-Bridging-Header.h</string>
			<key>sourceTree</key>
			<string>SOURCE_ROOT</string>
		</dict>
		<key>A6AD38FF1A44E44C0003B146</key>
		<dict>
			<key>fileEncoding</key>
			<string>4</string>
			<key>isa</key>
			<string>PBXFileReference</string>
			<key>lastKnownFileType</key>
			<string>sourcecode.c.h</string>
			<key>name</key>
			<string>MainMapViewController.h</string>
			<key>path</key>
			<string>therewhere/MainMapViewController.h</string>
			<key>sourceTree</key>
			<string>SOURCE_ROOT</string>
		</dict>
		<key>A6AD39001A44E44C0003B146</key>
		<dict>
			<key>fileEncoding</key>
			<string>4</string>
			<key>isa</key>
			<string>PBXFileReference</string>
			<key>lastKnownFileType</key>
			<string>sourcecode.c.objc</string>
			<key>name</key>
			<string>MainMapViewController.m</string>
			<key>path</key>
			<string>therewhere/MainMapViewController.m</string>
			<key>sourceTree</key>
			<string>SOURCE_ROOT</string>
		</dict>
		<key>A6AD39011A44E44C0003B146</key>
		<dict>
			<key>fileEncoding</key>
			<string>4</string>
			<key>isa</key>
			<string>PBXFileReference</string>
			<key>lastKnownFileType</key>
			<string>file.xib</string>
			<key>name</key>
			<string>MainMapViewController.xib</string>
			<key>path</key>
			<string>therewhere/MainMapViewController.xib</string>
			<key>sourceTree</key>
			<string>SOURCE_ROOT</string>
		</dict>
		<key>A6AD39021A44E44C0003B146</key>
		<dict>
			<key>fileRef</key>
			<string>A6AD39001A44E44C0003B146</string>
			<key>isa</key>
			<string>PBXBuildFile</string>
		</dict>
		<key>A6AD39031A44E44C0003B146</key>
		<dict>
			<key>fileRef</key>
			<string>A6AD39011A44E44C0003B146</string>
			<key>isa</key>
			<string>PBXBuildFile</string>
		</dict>
		<key>B00465F85D27753228B82AF8</key>
		<dict>
			<key>fileRef</key>
			<string>B03302CA4EDF6AC4A3FDEC1C</string>
			<key>isa</key>
			<string>PBXBuildFile</string>
		</dict>
		<key>B03302CA4EDF6AC4A3FDEC1C</key>
		<dict>
			<key>fileEncoding</key>
			<string>4</string>
			<key>isa</key>
			<string>PBXFileReference</string>
			<key>lastKnownFileType</key>
			<string>sourcecode.c.objc</string>
			<key>path</key>
			<string>Location.m</string>
			<key>sourceTree</key>
			<string>&lt;group&gt;</string>
		</dict>
		<key>B132123E55E49F8B018B8F3B</key>
		<dict>
			<key>fileEncoding</key>
			<string>4</string>
			<key>isa</key>
			<string>PBXFileReference</string>
			<key>lastKnownFileType</key>
			<string>sourcecode.c.objc</string>
			<key>path</key>
			<string>GetLocationRequest.m</string>
			<key>sourceTree</key>
			<string>&lt;group&gt;</string>
		</dict>
		<key>B7C985CD860FB96A49D44150</key>
		<dict>
			<key>children</key>
			<array>
				<string>00750A9461831B54CE16BFD4</string>
				<string>C023D4DC9AD816C5969E91AD</string>
			</array>
			<key>isa</key>
			<string>PBXGroup</string>
			<key>name</key>
			<string>Pods</string>
			<key>sourceTree</key>
			<string>&lt;group&gt;</string>
		</dict>
		<key>BFE42C84710067314E4E3272</key>
		<dict>
			<key>fileEncoding</key>
			<string>4</string>
			<key>isa</key>
			<string>PBXFileReference</string>
			<key>lastKnownFileType</key>
			<string>sourcecode.c.h</string>
			<key>path</key>
			<string>LocationResult.h</string>
			<key>sourceTree</key>
			<string>&lt;group&gt;</string>
		</dict>
		<key>C023D4DC9AD816C5969E91AD</key>
		<dict>
			<key>includeInIndex</key>
			<string>1</string>
			<key>isa</key>
			<string>PBXFileReference</string>
			<key>lastKnownFileType</key>
			<string>text.xcconfig</string>
			<key>name</key>
			<string>Pods.release.xcconfig</string>
			<key>path</key>
			<string>Pods/Target Support Files/Pods/Pods.release.xcconfig</string>
			<key>sourceTree</key>
			<string>&lt;group&gt;</string>
		</dict>
		<key>C2D9838873EB1BB164D50892</key>
		<dict>
			<key>children</key>
			<array>
				<string>4992727A161AE101650CEC0A</string>
				<string>49276F7C474B309261CA8D5C</string>
				<string>42C52E7DCC467219BDC8BE3F</string>
				<string>6DD752A077A676360F52C6BE</string>
				<string>E7C16E4FE4864F80C4ADDB70</string>
				<string>F206D53549ABB20F27025E09</string>
				<string>CB36B6652A098112FA1E51AA</string>
				<string>B132123E55E49F8B018B8F3B</string>
				<string>034D516B941424B8D6370C15</string>
				<string>002CA3B93049A4EAF48719EA</string>
				<string>2E1969C49A3A97AE318C4CD9</string>
				<string>7A913C686FE3811A5438031A</string>
				<string>BFE42C84710067314E4E3272</string>
				<string>47B8ADE109667B038A9CAE43</string>
			</array>
			<key>isa</key>
			<string>PBXGroup</string>
			<key>path</key>
			<string>Nodes</string>
			<key>sourceTree</key>
			<string>&lt;group&gt;</string>
		</dict>
		<key>C495B0859FC631B3D1AF4A12</key>
		<dict>
			<key>children</key>
			<array>
				<string>88687B969CD63F2D979A74F9</string>
			</array>
			<key>isa</key>
			<string>PBXGroup</string>
			<key>path</key>
			<string>r2m</string>
			<key>sourceTree</key>
			<string>&lt;group&gt;</string>
		</dict>
		<key>CB36B6652A098112FA1E51AA</key>
		<dict>
			<key>fileEncoding</key>
			<string>4</string>
			<key>isa</key>
			<string>PBXFileReference</string>
			<key>lastKnownFileType</key>
			<string>sourcecode.c.h</string>
			<key>path</key>
			<string>GetLocationRequest.h</string>
			<key>sourceTree</key>
			<string>&lt;group&gt;</string>
		</dict>
		<key>E7C16E4FE4864F80C4ADDB70</key>
		<dict>
			<key>fileEncoding</key>
			<string>4</string>
			<key>isa</key>
			<string>PBXFileReference</string>
			<key>lastKnownFileType</key>
			<string>sourcecode.c.h</string>
			<key>path</key>
			<string>UserResult.h</string>
			<key>sourceTree</key>
			<string>&lt;group&gt;</string>
		</dict>
		<key>E80DB24B6FD2561290A87B63</key>
		<dict>
			<key>fileRef</key>
			<string>002CA3B93049A4EAF48719EA</string>
			<key>isa</key>
			<string>PBXBuildFile</string>
		</dict>
		<key>F206D53549ABB20F27025E09</key>
		<dict>
			<key>fileEncoding</key>
			<string>4</string>
			<key>isa</key>
			<string>PBXFileReference</string>
			<key>lastKnownFileType</key>
			<string>sourcecode.c.objc</string>
			<key>path</key>
			<string>UserResult.m</string>
			<key>sourceTree</key>
			<string>&lt;group&gt;</string>
		</dict>
	</dict>
	<key>rootObject</key>
	<string>A6A27DBA1A3BACBA006F7ECD</string>
</dict>
</plist>
