PODS:
  - Alamofire (1.2.0)
  - JGProgressHUD (1.2.3)
  - Mixpanel (2.7.3):
    - Mixpanel/MPCategoryHelpers (= 2.7.3)
  - Mixpanel/MPCategoryHelpers (2.7.3)
  - MKMapView-ZoomLevel (1.1.0)
  - SwiftyJSON (2.1.3)

DEPENDENCIES:
  - Alamofire (~> 1.2)
  - JGProgressHUD
  - Mixpanel
  - MKMapView-ZoomLevel
  - SwiftyJSON

SPEC CHECKSUMS:
  Alamofire: d765c5c1713aa64106b0228aaa600a1e6851f68d
  JGProgressHUD: 02eb5fc5f1069dc3a6aaf74a0da06f05c2546f32
  Mixpanel: 1d387d76800e07e953958c62c97fea27f13632dd
  MKMapView-ZoomLevel: 30f2f957e34c363387372de059f10127d2b1236f
  SwiftyJSON: a561c2a840121085bec8a2dfeac97a360fc66901

COCOAPODS: 0.36.3
